
Microsoft Visual Studio Solution File, Format Version 12.00
# Visual Studio Version 17
VisualStudioVersion = 17.5.002.0
MinimumVisualStudioVersion = 10.0.40219.1
Project("{9A19103F-16F7-4668-BE54-9A1E7A4F7556}") = "JwtAuthDotnetEight", "JwtAuthDotnetEight.csproj", "{A60CE9DE-55F3-449A-A607-50AA09B05BFA}"
EndProject
Global
	GlobalSection(SolutionConfigurationPlatforms) = preSolution
		Debug|Any CPU = Debug|Any CPU
		Release|Any CPU = Release|Any CPU
	EndGlobalSection
	GlobalSection(ProjectConfigurationPlatforms) = postSolution
		{A60CE9DE-55F3-449A-A607-50AA09B05BFA}.Debug|Any CPU.ActiveCfg = Debug|Any CPU
		{A60CE9DE-55F3-449A-A607-50AA09B05BFA}.Debug|Any CPU.Build.0 = Debug|Any CPU
		{A60CE9DE-55F3-449A-A607-50AA09B05BFA}.Release|Any CPU.ActiveCfg = Release|Any CPU
		{A60CE9DE-55F3-449A-A607-50AA09B05BFA}.Release|Any CPU.Build.0 = Release|Any CPU
	EndGlobalSection
	GlobalSection(SolutionProperties) = preSolution
		HideSolutionNode = FALSE
	EndGlobalSection
	GlobalSection(ExtensibilityGlobals) = postSolution
		SolutionGuid = {4B58A519-0DD6-4147-B3B6-1462E1891C80}
	EndGlobalSection
EndGlobal
